
Microsoft Visual Studio Solution File, Format Version 12.00
# Visual Studio Version 17
VisualStudioVersion = 17.3.32922.545
MinimumVisualStudioVersion = 10.0.40219.1
Project("{FAE04EC0-301F-11D3-BF4B-00C04F79EFBC}") = "ViewYourCode", "ViewYourCode.csproj", "{95326438-818E-4F20-A779-09FCAB35FAEA}"
EndProject
Project("{FAE04EC0-301F-11D3-BF4B-00C04F79EFBC}") = "VPMSerialezator", "..\VPMSerialezator\VPMSerialezator.csproj", "{648702E2-77DA-4E2E-BC2B-FD39E02F0258}"
EndProject
Global
	GlobalSection(SolutionConfigurationPlatforms) = preSolution
		Debug|Any CPU = Debug|Any CPU
		Release|Any CPU = Release|Any CPU
	EndGlobalSection
	GlobalSection(ProjectConfigurationPlatforms) = postSolution
		{95326438-818E-4F20-A779-09FCAB35FAEA}.Debug|Any CPU.ActiveCfg = Debug|Any CPU
		{95326438-818E-4F20-A779-09FCAB35FAEA}.Debug|Any CPU.Build.0 = Debug|Any CPU
		{95326438-818E-4F20-A779-09FCAB35FAEA}.Release|Any CPU.ActiveCfg = Release|Any CPU
		{95326438-818E-4F20-A779-09FCAB35FAEA}.Release|Any CPU.Build.0 = Release|Any CPU
		{648702E2-77DA-4E2E-BC2B-FD39E02F0258}.Debug|Any CPU.ActiveCfg = Debug|Any CPU
		{648702E2-77DA-4E2E-BC2B-FD39E02F0258}.Debug|Any CPU.Build.0 = Debug|Any CPU
		{648702E2-77DA-4E2E-BC2B-FD39E02F0258}.Release|Any CPU.ActiveCfg = Release|Any CPU
		{648702E2-77DA-4E2E-BC2B-FD39E02F0258}.Release|Any CPU.Build.0 = Release|Any CPU
	EndGlobalSection
	GlobalSection(SolutionProperties) = preSolution
		HideSolutionNode = FALSE
	EndGlobalSection
	GlobalSection(ExtensibilityGlobals) = postSolution
		SolutionGuid = {1D16175B-9DBD-47BC-B522-A2573846D2CC}
	EndGlobalSection
EndGlobal
